// !$*UTF8*$!
{
	archiveVersion = 1;
	classes = {
	};
	objectVersion = 50;
	objects = {

/* Begin PBXBuildFile section */
		EDD12CDC21ACF2790040DFB5 /* AppDelegate.swift in Sources */ = {isa = PBXBuildFile; fileRef = EDD12CDB21ACF2790040DFB5 /* AppDelegate.swift */; };
		EDD12CDE21ACF2790040DFB5 /* PopUpHelp.swift in Sources */ = {isa = PBXBuildFile; fileRef = EDD12CDD21ACF2790040DFB5 /* PopUpHelp.swift */; };
		EDD12CE121ACF2790040DFB5 /* Main.storyboard in Resources */ = {isa = PBXBuildFile; fileRef = EDD12CDF21ACF2790040DFB5 /* Main.storyboard */; };
		EDD12CE321ACF27B0040DFB5 /* Assets.xcassets in Resources */ = {isa = PBXBuildFile; fileRef = EDD12CE221ACF27B0040DFB5 /* Assets.xcassets */; };
		EDD12CE621ACF27B0040DFB5 /* LaunchScreen.storyboard in Resources */ = {isa = PBXBuildFile; fileRef = EDD12CE421ACF27B0040DFB5 /* LaunchScreen.storyboard */; };
		EDD12CF421ACF9AB0040DFB5 /* Slide.xib in Resources */ = {isa = PBXBuildFile; fileRef = EDD12CF321ACF9AB0040DFB5 /* Slide.xib */; };
		EDD12CF621ACF9D10040DFB5 /* Slide.swift in Sources */ = {isa = PBXBuildFile; fileRef = EDD12CF521ACF9D10040DFB5 /* Slide.swift */; };
		EDD12CFA21AD16380040DFB5 /* Dashboard.swift in Sources */ = {isa = PBXBuildFile; fileRef = EDD12CF921AD16380040DFB5 /* Dashboard.swift */; };
/* End PBXBuildFile section */

/* Begin PBXFileReference section */
		EDD12CD821ACF2790040DFB5 /* PageWithLabel.app */ = {isa = PBXFileReference; explicitFileType = wrapper.application; includeInIndex = 0; path = PageWithLabel.app; sourceTree = BUILT_PRODUCTS_DIR; };
		EDD12CDB21ACF2790040DFB5 /* AppDelegate.swift */ = {isa = PBXFileReference; lastKnownFileType = sourcecode.swift; path = AppDelegate.swift; sourceTree = "<group>"; };
		EDD12CDD21ACF2790040DFB5 /* PopUpHelp.swift */ = {isa = PBXFileReference; lastKnownFileType = sourcecode.swift; path = PopUpHelp.swift; sourceTree = "<group>"; };
		EDD12CE021ACF2790040DFB5 /* Base */ = {isa = PBXFileReference; lastKnownFileType = file.storyboard; name = Base; path = Base.lproj/Main.storyboard; sourceTree = "<group>"; };
		EDD12CE221ACF27B0040DFB5 /* Assets.xcassets */ = {isa = PBXFileReference; lastKnownFileType = folder.assetcatalog; path = Assets.xcassets; sourceTree = "<group>"; };
		EDD12CE521ACF27B0040DFB5 /* Base */ = {isa = PBXFileReference; lastKnownFileType = file.storyboard; name = Base; path = Base.lproj/LaunchScreen.storyboard; sourceTree = "<group>"; };
		EDD12CE721ACF27B0040DFB5 /* Info.plist */ = {isa = PBXFileReference; lastKnownFileType = text.plist.xml; path = Info.plist; sourceTree = "<group>"; };
		EDD12CF321ACF9AB0040DFB5 /* Slide.xib */ = {isa = PBXFileReference; lastKnownFileType = file.xib; path = Slide.xib; sourceTree = "<group>"; };
		EDD12CF521ACF9D10040DFB5 /* Slide.swift */ = {isa = PBXFileReference; lastKnownFileType = sourcecode.swift; path = Slide.swift; sourceTree = "<group>"; };
		EDD12CF921AD16380040DFB5 /* Dashboard.swift */ = {isa = PBXFileReference; lastKnownFileType = sourcecode.swift; path = Dashboard.swift; sourceTree = "<group>"; };
/* End PBXFileReference section */

/* Begin PBXFrameworksBuildPhase section */
		EDD12CD521ACF2790040DFB5 /* Frameworks */ = {
			isa = PBXFrameworksBuildPhase;
			buildActionMask = 2147483647;
			files = (
			);
			runOnlyForDeploymentPostprocessing = 0;
		};
/* End PBXFrameworksBuildPhase section */

/* Begin PBXGroup section */
		EDD12CCF21ACF2790040DFB5 = {
			isa = PBXGroup;
			children = (
				EDD12CDA21ACF2790040DFB5 /* PageWithLabel */,
				EDD12CD921ACF2790040DFB5 /* Products */,
			);
			sourceTree = "<group>";
		};
		EDD12CD921ACF2790040DFB5 /* Products */ = {
			isa = PBXGroup;
			children = (
				EDD12CD821ACF2790040DFB5 /* PageWithLabel.app */,
			);
			name = Products;
			sourceTree = "<group>";
		};
		EDD12CDA21ACF2790040DFB5 /* PageWithLabel */ = {
			isa = PBXGroup;
			children = (
				EDD12CDB21ACF2790040DFB5 /* AppDelegate.swift */,
				EDD12CDD21ACF2790040DFB5 /* PopUpHelp.swift */,
				EDD12CDF21ACF2790040DFB5 /* Main.storyboard */,
				EDD12CE221ACF27B0040DFB5 /* Assets.xcassets */,
				EDD12CE421ACF27B0040DFB5 /* LaunchScreen.storyboard */,
				EDD12CE721ACF27B0040DFB5 /* Info.plist */,
				EDD12CF321ACF9AB0040DFB5 /* Slide.xib */,
				EDD12CF521ACF9D10040DFB5 /* Slide.swift */,
				EDD12CF921AD16380040DFB5 /* Dashboard.swift */,
			);
			path = PageWithLabel;
			sourceTree = "<group>";
		};
/* End PBXGroup section */

/* Begin PBXNativeTarget section */
		EDD12CD721ACF2790040DFB5 /* PageWithLabel */ = {
			isa = PBXNativeTarget;
			buildConfigurationList = EDD12CEA21ACF27B0040DFB5 /* Build configuration list for PBXNativeTarget "PageWithLabel" */;
			buildPhases = (
				EDD12CD421ACF2790040DFB5 /* Sources */,
				EDD12CD521ACF2790040DFB5 /* Frameworks */,
				EDD12CD621ACF2790040DFB5 /* Resources */,
			);
			buildRules = (
			);
			dependencies = (
			);
			name = PageWithLabel;
			productName = PageWithLabel;
			productReference = EDD12CD821ACF2790040DFB5 /* PageWithLabel.app */;
			productType = "com.apple.product-type.application";
		};
/* End PBXNativeTarget section */

/* Begin PBXProject section */
		EDD12CD021ACF2790040DFB5 /* Project object */ = {
			isa = PBXProject;
			attributes = {
				LastSwiftUpdateCheck = 1010;
				LastUpgradeCheck = 1010;
				ORGANIZATIONNAME = "PT. WhiteOpen Technology";
				TargetAttributes = {
					EDD12CD721ACF2790040DFB5 = {
						CreatedOnToolsVersion = 10.1;
					};
				};
			};
			buildConfigurationList = EDD12CD321ACF2790040DFB5 /* Build configuration list for PBXProject "PageWithLabel" */;
			compatibilityVersion = "Xcode 9.3";
			developmentRegion = en;
			hasScannedForEncodings = 0;
			knownRegions = (
				en,
				Base,
			);
			mainGroup = EDD12CCF21ACF2790040DFB5;
			productRefGroup = EDD12CD921ACF2790040DFB5 /* Products */;
			projectDirPath = "";
			projectRoot = "";
			targets = (
				EDD12CD721ACF2790040DFB5 /* PageWithLabel */,
			);
		};
/* End PBXProject section */

/* Begin PBXResourcesBuildPhase section */
		EDD12CD621ACF2790040DFB5 /* Resources */ = {
			isa = PBXResourcesBuildPhase;
			buildActionMask = 2147483647;
			files = (
				EDD12CE621ACF27B0040DFB5 /* LaunchScreen.storyboard in Resources */,
				EDD12CE321ACF27B0040DFB5 /* Assets.xcassets in Resources */,
				EDD12CE121ACF2790040DFB5 /* Main.storyboard in Resources */,
				EDD12CF421ACF9AB0040DFB5 /* Slide.xib in Resources */,
			);
			runOnlyForDeploymentPostprocessing = 0;
		};
/* End PBXResourcesBuildPhase section */

/* Begin PBXSourcesBuildPhase section */
		EDD12CD421ACF2790040DFB5 /* Sources */ = {
			isa = PBXSourcesBuildPhase;
			buildActionMask = 2147483647;
			files = (
				EDD12CF621ACF9D10040DFB5 /* Slide.swift in Sources */,
				EDD12CDE21ACF2790040DFB5 /* PopUpHelp.swift in Sources */,
				EDD12CFA21AD16380040DFB5 /* Dashboard.swift in Sources */,
				EDD12CDC21ACF2790040DFB5 /* AppDelegate.swift in Sources */,
			);
			runOnlyForDeploymentPostprocessing = 0;
		};
/* End PBXSourcesBuildPhase section */

/* Begin PBXVariantGroup section */
		EDD12CDF21ACF2790040DFB5 /* Main.storyboard */ = {
			isa = PBXVariantGroup;
			children = (
				EDD12CE021ACF2790040DFB5 /* Base */,
			);
			name = Main.storyboard;
			sourceTree = "<group>";
		};
		EDD12CE421ACF27B0040DFB5 /* LaunchScreen.storyboard */ = {
			isa = PBXVariantGroup;
			children = (
				EDD12CE521ACF27B0040DFB5 /* Base */,
			);
			name = LaunchScreen.storyboard;
			sourceTree = "<group>";
		};
/* End PBXVariantGroup section */

/* Begin XCBuildConfiguration section */
		EDD12CE821ACF27B0040DFB5 /* Debug */ = {
			isa = XCBuildConfiguration;
			buildSettings = {
				ALWAYS_SEARCH_USER_PATHS = NO;
				CLANG_ANALYZER_NONNULL = YES;
				CLANG_ANALYZER_NUMBER_OBJECT_CONVERSION = YES_AGGRESSIVE;
				CLANG_CXX_LANGUAGE_STANDARD = "gnu++14";
				CLANG_CXX_LIBRARY = "libc++";
				CLANG_ENABLE_MODULES = YES;
				CLANG_ENABLE_OBJC_ARC = YES;
				CLANG_ENABLE_OBJC_WEAK = YES;
				CLANG_WARN_BLOCK_CAPTURE_AUTORELEASING = YES;
				CLANG_WARN_BOOL_CONVERSION = YES;
				CLANG_WARN_COMMA = YES;
				CLANG_WARN_CONSTANT_CONVERSION = YES;
				CLANG_WARN_DEPRECATED_OBJC_IMPLEMENTATIONS = YES;
				CLANG_WARN_DIRECT_OBJC_ISA_USAGE = YES_ERROR;
				CLANG_WARN_DOCUMENTATION_COMMENTS = YES;
				CLANG_WARN_EMPTY_BODY = YES;
				CLANG_WARN_ENUM_CONVERSION = YES;
				CLANG_WARN_INFINITE_RECURSION = YES;
				CLANG_WARN_INT_CONVERSION = YES;
				CLANG_WARN_NON_LITERAL_NULL_CONVERSION = YES;
				CLANG_WARN_OBJC_IMPLICIT_RETAIN_SELF = YES;
				CLANG_WARN_OBJC_LITERAL_CONVERSION = YES;
				CLANG_WARN_OBJC_ROOT_CLASS = YES_ERROR;
				CLANG_WARN_RANGE_LOOP_ANALYSIS = YES;
				CLANG_WARN_STRICT_PROTOTYPES = YES;
				CLANG_WARN_SUSPICIOUS_MOVE = YES;
				CLANG_WARN_UNGUARDED_AVAILABILITY = YES_AGGRESSIVE;
				CLANG_WARN_UNREACHABLE_CODE = YES;
				CLANG_WARN__DUPLICATE_METHOD_MATCH = YES;
				CODE_SIGN_IDENTITY = "iPhone Developer";
				COPY_PHASE_STRIP = NO;
				DEBUG_INFORMATION_FORMAT = dwarf;
				ENABLE_STRICT_OBJC_MSGSEND = YES;
				ENABLE_TESTABILITY = YES;
				GCC_C_LANGUAGE_STANDARD = gnu11;
				GCC_DYNAMIC_NO_PIC = NO;
				GCC_NO_COMMON_BLOCKS = YES;
				GCC_OPTIMIZATION_LEVEL = 0;
				GCC_PREPROCESSOR_DEFINITIONS = (
					"DEBUG=1",
					"$(inherited)",
				);
				GCC_WARN_64_TO_32_BIT_CONVERSION = YES;
				GCC_WARN_ABOUT_RETURN_TYPE = YES_ERROR;
				GCC_WARN_UNDECLARED_SELECTOR = YES;
				GCC_WARN_UNINITIALIZED_AUTOS = YES_AGGRESSIVE;
				GCC_WARN_UNUSED_FUNCTION = YES;
				GCC_WARN_UNUSED_VARIABLE = YES;
				IPHONEOS_DEPLOYMENT_TARGET = 12.1;
				MTL_ENABLE_DEBUG_INFO = INCLUDE_SOURCE;
				MTL_FAST_MATH = YES;
				ONLY_ACTIVE_ARCH = YES;
				SDKROOT = iphoneos;
				SWIFT_ACTIVE_COMPILATION_CONDITIONS = DEBUG;
				SWIFT_OPTIMIZATION_LEVEL = "-Onone";
			};
			name = Debug;
		};
		EDD12CE921ACF27B0040DFB5 /* Release */ = {
			isa = XCBuildConfiguration;
			buildSettings = {
				ALWAYS_SEARCH_USER_PATHS = NO;
				CLANG_ANALYZER_NONNULL = YES;
				CLANG_ANALYZER_NUMBER_OBJECT_CONVERSION = YES_AGGRESSIVE;
				CLANG_CXX_LANGUAGE_STANDARD = "gnu++14";
				CLANG_CXX_LIBRARY = "libc++";
				CLANG_ENABLE_MODULES = YES;
				CLANG_ENABLE_OBJC_ARC = YES;
				CLANG_ENABLE_OBJC_WEAK = YES;
				CLANG_WARN_BLOCK_CAPTURE_AUTORELEASING = YES;
				CLANG_WARN_BOOL_CONVERSION = YES;
				CLANG_WARN_COMMA = YES;
				CLANG_WARN_CONSTANT_CONVERSION = YES;
				CLANG_WARN_DEPRECATED_OBJC_IMPLEMENTATIONS = YES;
				CLANG_WARN_DIRECT_OBJC_ISA_USAGE = YES_ERROR;
				CLANG_WARN_DOCUMENTATION_COMMENTS = YES;
				CLANG_WARN_EMPTY_BODY = YES;
				CLANG_WARN_ENUM_CONVERSION = YES;
				CLANG_WARN_INFINITE_RECURSION = YES;
				CLANG_WARN_INT_CONVERSION = YES;
				CLANG_WARN_NON_LITERAL_NULL_CONVERSION = YES;
				CLANG_WARN_OBJC_IMPLICIT_RETAIN_SELF = YES;
				CLANG_WARN_OBJC_LITERAL_CONVERSION = YES;
				CLANG_WARN_OBJC_ROOT_CLASS = YES_ERROR;
				CLANG_WARN_RANGE_LOOP_ANALYSIS = YES;
				CLANG_WARN_STRICT_PROTOTYPES = YES;
				CLANG_WARN_SUSPICIOUS_MOVE = YES;
				CLANG_WARN_UNGUARDED_AVAILABILITY = YES_AGGRESSIVE;
				CLANG_WARN_UNREACHABLE_CODE = YES;
				CLANG_WARN__DUPLICATE_METHOD_MATCH = YES;
				CODE_SIGN_IDENTITY = "iPhone Developer";
				COPY_PHASE_STRIP = NO;
				DEBUG_INFORMATION_FORMAT = "dwarf-with-dsym";
				ENABLE_NS_ASSERTIONS = NO;
				ENABLE_STRICT_OBJC_MSGSEND = YES;
				GCC_C_LANGUAGE_STANDARD = gnu11;
				GCC_NO_COMMON_BLOCKS = YES;
				GCC_WARN_64_TO_32_BIT_CONVERSION = YES;
				GCC_WARN_ABOUT_RETURN_TYPE = YES_ERROR;
				GCC_WARN_UNDECLARED_SELECTOR = YES;
				GCC_WARN_UNINITIALIZED_AUTOS = YES_AGGRESSIVE;
				GCC_WARN_UNUSED_FUNCTION = YES;
				GCC_WARN_UNUSED_VARIABLE = YES;
				IPHONEOS_DEPLOYMENT_TARGET = 12.1;
				MTL_ENABLE_DEBUG_INFO = NO;
				MTL_FAST_MATH = YES;
				SDKROOT = iphoneos;
				SWIFT_COMPILATION_MODE = wholemodule;
				SWIFT_OPTIMIZATION_LEVEL = "-O";
				VALIDATE_PRODUCT = YES;
			};
			name = Release;
		};
		EDD12CEB21ACF27B0040DFB5 /* Debug */ = {
			isa = XCBuildConfiguration;
			buildSettings = {
				ASSETCATALOG_COMPILER_APPICON_NAME = AppIcon;
				CODE_SIGN_STYLE = Automatic;
				INFOPLIST_FILE = PageWithLabel/Info.plist;
				LD_RUNPATH_SEARCH_PATHS = (
					"$(inherited)",
					"@executable_path/Frameworks",
				);
				PRODUCT_BUNDLE_IDENTIFIER = com.whiteopen.PageWithLabel;
				PRODUCT_NAME = "$(TARGET_NAME)";
				SWIFT_VERSION = 4.2;
				TARGETED_DEVICE_FAMILY = "1,2";
			};
			name = Debug;
		};
		EDD12CEC21ACF27B0040DFB5 /* Release */ = {
			isa = XCBuildConfiguration;
			buildSettings = {
				ASSETCATALOG_COMPILER_APPICON_NAME = AppIcon;
				CODE_SIGN_STYLE = Automatic;
				INFOPLIST_FILE = PageWithLabel/Info.plist;
				LD_RUNPATH_SEARCH_PATHS = (
					"$(inherited)",
					"@executable_path/Frameworks",
				);
				PRODUCT_BUNDLE_IDENTIFIER = com.whiteopen.PageWithLabel;
				PRODUCT_NAME = "$(TARGET_NAME)";
				SWIFT_VERSION = 4.2;
				TARGETED_DEVICE_FAMILY = "1,2";
			};
			name = Release;
		};
/* End XCBuildConfiguration section */

/* Begin XCConfigurationList section */
		EDD12CD321ACF2790040DFB5 /* Build configuration list for PBXProject "PageWithLabel" */ = {
			isa = XCConfigurationList;
			buildConfigurations = (
				EDD12CE821ACF27B0040DFB5 /* Debug */,
				EDD12CE921ACF27B0040DFB5 /* Release */,
			);
			defaultConfigurationIsVisible = 0;
			defaultConfigurationName = Release;
		};
		EDD12CEA21ACF27B0040DFB5 /* Build configuration list for PBXNativeTarget "PageWithLabel" */ = {
			isa = XCConfigurationList;
			buildConfigurations = (
				EDD12CEB21ACF27B0040DFB5 /* Debug */,
				EDD12CEC21ACF27B0040DFB5 /* Release */,
			);
			defaultConfigurationIsVisible = 0;
			defaultConfigurationName = Release;
		};
/* End XCConfigurationList section */
	};
	rootObject = EDD12CD021ACF2790040DFB5 /* Project object */;
}
